
Microsoft Visual Studio Solution File, Format Version 11.00
# Visual C# Express 2010
Project("{FAE04EC0-301F-11D3-BF4B-00C04F79EFBC}") = "Websembly", "Websembly.csproj", "{044A194E-BC51-40ED-849D-70012F44E5F8}"
EndProject
Global
	GlobalSection(SolutionConfigurationPlatforms) = preSolution
		Debug|Any CPU = Debug|Any CPU
		Release|Any CPU = Release|Any CPU
	EndGlobalSection
	GlobalSection(ProjectConfigurationPlatforms) = postSolution
		{044A194E-BC51-40ED-849D-70012F44E5F8}.Debug|Any CPU.ActiveCfg = Debug|Any CPU
		{044A194E-BC51-40ED-849D-70012F44E5F8}.Debug|Any CPU.Build.0 = Debug|Any CPU
		{044A194E-BC51-40ED-849D-70012F44E5F8}.Release|Any CPU.ActiveCfg = Release|Any CPU
		{044A194E-BC51-40ED-849D-70012F44E5F8}.Release|Any CPU.Build.0 = Release|Any CPU
	EndGlobalSection
	GlobalSection(SolutionProperties) = preSolution
		HideSolutionNode = FALSE
	EndGlobalSection
EndGlobal
